
Microsoft Visual Studio Solution File, Format Version 12.00
# Visual Studio Version 16
VisualStudioVersion = 16.0.29806.167
MinimumVisualStudioVersion = 10.0.40219.1
Project("{FAE04EC0-301F-11D3-BF4B-00C04F79EFBC}") = "Customlistassng", "Customlistassng.csproj", "{F3DFAE91-A160-45AF-B92F-E6437FB5C147}"
EndProject
Project("{FAE04EC0-301F-11D3-BF4B-00C04F79EFBC}") = "ListTester", "..\ListTester\ListTester.csproj", "{A20323F3-E4F7-44B8-A456-4D3281139CB9}"
EndProject
Global
	GlobalSection(SolutionConfigurationPlatforms) = preSolution
		Debug|Any CPU = Debug|Any CPU
		Release|Any CPU = Release|Any CPU
	EndGlobalSection
	GlobalSection(ProjectConfigurationPlatforms) = postSolution
		{F3DFAE91-A160-45AF-B92F-E6437FB5C147}.Debug|Any CPU.ActiveCfg = Debug|Any CPU
		{F3DFAE91-A160-45AF-B92F-E6437FB5C147}.Debug|Any CPU.Build.0 = Debug|Any CPU
		{F3DFAE91-A160-45AF-B92F-E6437FB5C147}.Release|Any CPU.ActiveCfg = Release|Any CPU
		{F3DFAE91-A160-45AF-B92F-E6437FB5C147}.Release|Any CPU.Build.0 = Release|Any CPU
		{A20323F3-E4F7-44B8-A456-4D3281139CB9}.Debug|Any CPU.ActiveCfg = Debug|Any CPU
		{A20323F3-E4F7-44B8-A456-4D3281139CB9}.Debug|Any CPU.Build.0 = Debug|Any CPU
		{A20323F3-E4F7-44B8-A456-4D3281139CB9}.Release|Any CPU.ActiveCfg = Release|Any CPU
		{A20323F3-E4F7-44B8-A456-4D3281139CB9}.Release|Any CPU.Build.0 = Release|Any CPU
	EndGlobalSection
	GlobalSection(SolutionProperties) = preSolution
		HideSolutionNode = FALSE
	EndGlobalSection
	GlobalSection(ExtensibilityGlobals) = postSolution
		SolutionGuid = {AFA42581-1021-4263-AD14-6464DE5AFCDE}
	EndGlobalSection
EndGlobal
